
Microsoft Visual Studio Solution File, Format Version 12.00
# Visual Studio Version 16
VisualStudioVersion = 16.0.30611.23
MinimumVisualStudioVersion = 10.0.40219.1
Project("{9A19103F-16F7-4668-BE54-9A1E7A4F7556}") = "DemoAuth", "DemoAuth\DemoAuth.csproj", "{51ECF26F-A367-4AED-B5D3-F253EAF87E77}"
EndProject
Project("{9A19103F-16F7-4668-BE54-9A1E7A4F7556}") = "WebAPI", "WebAPI\WebAPI.csproj", "{A15CCF22-F66B-4FB7-B023-706CA46F0871}"
EndProject
Project("{9A19103F-16F7-4668-BE54-9A1E7A4F7556}") = "WebAppRazor", "WebAppRazor\WebAppRazor.csproj", "{4EF931E1-AC63-4433-865E-035447F397BF}"
EndProject
Project("{9A19103F-16F7-4668-BE54-9A1E7A4F7556}") = "WebAppMVC", "WebAppMVC\WebAppMVC.csproj", "{10DDBD65-5FDF-4708-9F4A-AE76AF2CCB5E}"
EndProject
Project("{FAE04EC0-301F-11D3-BF4B-00C04F79EFBC}") = "WebAppMVC2", "WebAppMVC2\WebAppMVC2.csproj", "{4A8790AA-C228-4E4A-B85C-B91A91B9CA33}"
EndProject
Global
	GlobalSection(SolutionConfigurationPlatforms) = preSolution
		Debug|Any CPU = Debug|Any CPU
		Release|Any CPU = Release|Any CPU
	EndGlobalSection
	GlobalSection(ProjectConfigurationPlatforms) = postSolution
		{51ECF26F-A367-4AED-B5D3-F253EAF87E77}.Debug|Any CPU.ActiveCfg = Debug|Any CPU
		{51ECF26F-A367-4AED-B5D3-F253EAF87E77}.Debug|Any CPU.Build.0 = Debug|Any CPU
		{51ECF26F-A367-4AED-B5D3-F253EAF87E77}.Release|Any CPU.ActiveCfg = Release|Any CPU
		{51ECF26F-A367-4AED-B5D3-F253EAF87E77}.Release|Any CPU.Build.0 = Release|Any CPU
		{A15CCF22-F66B-4FB7-B023-706CA46F0871}.Debug|Any CPU.ActiveCfg = Debug|Any CPU
		{A15CCF22-F66B-4FB7-B023-706CA46F0871}.Debug|Any CPU.Build.0 = Debug|Any CPU
		{A15CCF22-F66B-4FB7-B023-706CA46F0871}.Release|Any CPU.ActiveCfg = Release|Any CPU
		{A15CCF22-F66B-4FB7-B023-706CA46F0871}.Release|Any CPU.Build.0 = Release|Any CPU
		{4EF931E1-AC63-4433-865E-035447F397BF}.Debug|Any CPU.ActiveCfg = Debug|Any CPU
		{4EF931E1-AC63-4433-865E-035447F397BF}.Debug|Any CPU.Build.0 = Debug|Any CPU
		{4EF931E1-AC63-4433-865E-035447F397BF}.Release|Any CPU.ActiveCfg = Release|Any CPU
		{4EF931E1-AC63-4433-865E-035447F397BF}.Release|Any CPU.Build.0 = Release|Any CPU
		{10DDBD65-5FDF-4708-9F4A-AE76AF2CCB5E}.Debug|Any CPU.ActiveCfg = Debug|Any CPU
		{10DDBD65-5FDF-4708-9F4A-AE76AF2CCB5E}.Debug|Any CPU.Build.0 = Debug|Any CPU
		{10DDBD65-5FDF-4708-9F4A-AE76AF2CCB5E}.Release|Any CPU.ActiveCfg = Release|Any CPU
		{10DDBD65-5FDF-4708-9F4A-AE76AF2CCB5E}.Release|Any CPU.Build.0 = Release|Any CPU
		{4A8790AA-C228-4E4A-B85C-B91A91B9CA33}.Debug|Any CPU.ActiveCfg = Debug|Any CPU
		{4A8790AA-C228-4E4A-B85C-B91A91B9CA33}.Debug|Any CPU.Build.0 = Debug|Any CPU
		{4A8790AA-C228-4E4A-B85C-B91A91B9CA33}.Release|Any CPU.ActiveCfg = Release|Any CPU
		{4A8790AA-C228-4E4A-B85C-B91A91B9CA33}.Release|Any CPU.Build.0 = Release|Any CPU
	EndGlobalSection
	GlobalSection(SolutionProperties) = preSolution
		HideSolutionNode = FALSE
	EndGlobalSection
	GlobalSection(ExtensibilityGlobals) = postSolution
		SolutionGuid = {D5A10E64-C201-4234-A3F9-83CF4CA8626D}
	EndGlobalSection
EndGlobal
