
Microsoft Visual Studio Solution File, Format Version 12.00
# Visual Studio Version 16
VisualStudioVersion = 16.0.30611.23
MinimumVisualStudioVersion = 10.0.40219.1
Project("{9A19103F-16F7-4668-BE54-9A1E7A4F7556}") = "DemoAuth", "DemoAuth\DemoAuth.csproj", "{51ECF26F-A367-4AED-B5D3-F253EAF87E77}"
EndProject
Project("{9A19103F-16F7-4668-BE54-9A1E7A4F7556}") = "WebAPI", "WebAPI\WebAPI.csproj", "{A15CCF22-F66B-4FB7-B023-706CA46F0871}"
EndProject
Project("{9A19103F-16F7-4668-BE54-9A1E7A4F7556}") = "WebAppRazor", "WebAppRazor\WebAppRazor.csproj", "{4EF931E1-AC63-4433-865E-035447F397BF}"
EndProject
Project("{9A19103F-16F7-4668-BE54-9A1E7A4F7556}") = "WebAppMVC", "WebAppMVC\WebAppMVC.csproj", "{10DDBD65-5FDF-4708-9F4A-AE76AF2CCB5E}"
EndProject
Project("{9A19103F-16F7-4668-BE54-9A1E7A4F7556}") = "WebAppMVC2", "WebAppMVC2\WebAppMVC2.csproj", "{4A8790AA-C228-4E4A-B85C-B91A91B9CA33}"
EndProject
Project("{2150E333-8FDC-42A3-9474-1A3956D46DE8}") = "Solution Items", "Solution Items", "{90CBFBE1-7960-40A5-8DD8-FFE604F9EF5E}"
	ProjectSection(SolutionItems) = preProject
		ReadMe.txt = ReadMe.txt
	EndProjectSection
EndProject
Project("{2150E333-8FDC-42A3-9474-1A3956D46DE8}") = "MobileWithUWP", "MobileWithUWP", "{0C03EEF1-F2A8-4ECE-B23E-73C845E1AB7C}"
EndProject
Project("{2150E333-8FDC-42A3-9474-1A3956D46DE8}") = "Mobile", "Mobile", "{EA0CD34E-76B9-4F2B-8776-E6366475D64F}"
EndProject
Project("{FAE04EC0-301F-11D3-BF4B-00C04F79EFBC}") = "WebApiMobileClient.UWP", "WebApiMobileClient\WebApiMobileClient.UWP\WebApiMobileClient.UWP.csproj", "{2286C879-311A-4564-92E8-7039A19FCCE7}"
EndProject
Project("{FAE04EC0-301F-11D3-BF4B-00C04F79EFBC}") = "WebApiMobileClient.Android", "WebApiMobileClient\WebApiMobileClient.Android\WebApiMobileClient.Android.csproj", "{B469C1A1-5B05-40D2-B5B3-59B2B4A8A814}"
EndProject
Project("{FAE04EC0-301F-11D3-BF4B-00C04F79EFBC}") = "WebApiMobileClient.iOS", "WebApiMobileClient\WebApiMobileClient.iOS\WebApiMobileClient.iOS.csproj", "{8C23DEAB-E815-404F-9C34-3181B5FAF1A6}"
EndProject
Project("{9A19103F-16F7-4668-BE54-9A1E7A4F7556}") = "WebApiMobileClient", "WebApiMobileClient\WebApiMobileClient\WebApiMobileClient.csproj", "{7196C2D3-3E0A-4ACF-A3CD-9FC6ECC3DFF7}"
EndProject
Project("{2150E333-8FDC-42A3-9474-1A3956D46DE8}") = "Web", "Web", "{E862835E-072F-4358-BF75-C834F2294319}"
EndProject
Project("{FAE04EC0-301F-11D3-BF4B-00C04F79EFBC}") = "MyCanteen.Android", "MyCanteen\MyCanteen.Android\MyCanteen.Android.csproj", "{1457900B-E1D1-4C31-91DA-4F767DE98E7C}"
EndProject
Project("{FAE04EC0-301F-11D3-BF4B-00C04F79EFBC}") = "MyCanteen.iOS", "MyCanteen\MyCanteen.iOS\MyCanteen.iOS.csproj", "{88E51AA8-6B1C-44A8-B54D-85FAE281238D}"
EndProject
Project("{9A19103F-16F7-4668-BE54-9A1E7A4F7556}") = "MyCanteen", "MyCanteen\MyCanteen\MyCanteen.csproj", "{DDE7259D-55D7-4F53-A507-B53653C0DE26}"
EndProject
Project("{9A19103F-16F7-4668-BE54-9A1E7A4F7556}") = "DataModel", "DataModel\DataModel.csproj", "{C1279608-8E45-4B74-B487-1FAB5B51265F}"
EndProject
Project("{9A19103F-16F7-4668-BE54-9A1E7A4F7556}") = "MyCanteen.Common", "MyCanteen.Common\MyCanteen.Common.csproj", "{59F03BFE-D7E1-43DD-80B2-289E6B43404A}"
EndProject
Project("{2150E333-8FDC-42A3-9474-1A3956D46DE8}") = "Temp", "Temp", "{77508F27-790F-4EFF-8003-C5ABC5E85C7E}"
EndProject
Project("{FAE04EC0-301F-11D3-BF4B-00C04F79EFBC}") = "Demo1.UWP", "Demo1\Demo1.UWP\Demo1.UWP.csproj", "{6B99414B-32C7-4353-A5C6-C0ADA829FB26}"
EndProject
Project("{FAE04EC0-301F-11D3-BF4B-00C04F79EFBC}") = "Demo1.Android", "Demo1\Demo1.Android\Demo1.Android.csproj", "{B6B52840-43D0-4A1B-A14E-8A19138E3E22}"
EndProject
Project("{FAE04EC0-301F-11D3-BF4B-00C04F79EFBC}") = "Demo1.iOS", "Demo1\Demo1.iOS\Demo1.iOS.csproj", "{D1C6B8E1-DBF7-420E-BBF1-599D87430492}"
EndProject
Project("{9A19103F-16F7-4668-BE54-9A1E7A4F7556}") = "Demo1", "Demo1\Demo1\Demo1.csproj", "{9F846FEA-BC75-4D10-B760-93CD0AF87569}"
EndProject
Global
	GlobalSection(SolutionConfigurationPlatforms) = preSolution
		Debug|Any CPU = Debug|Any CPU
		Debug|ARM = Debug|ARM
		Debug|iPhone = Debug|iPhone
		Debug|iPhoneSimulator = Debug|iPhoneSimulator
		Debug|x64 = Debug|x64
		Debug|x86 = Debug|x86
		Release|Any CPU = Release|Any CPU
		Release|ARM = Release|ARM
		Release|iPhone = Release|iPhone
		Release|iPhoneSimulator = Release|iPhoneSimulator
		Release|x64 = Release|x64
		Release|x86 = Release|x86
	EndGlobalSection
	GlobalSection(ProjectConfigurationPlatforms) = postSolution
		{51ECF26F-A367-4AED-B5D3-F253EAF87E77}.Debug|Any CPU.ActiveCfg = Debug|Any CPU
		{51ECF26F-A367-4AED-B5D3-F253EAF87E77}.Debug|Any CPU.Build.0 = Debug|Any CPU
		{51ECF26F-A367-4AED-B5D3-F253EAF87E77}.Debug|ARM.ActiveCfg = Debug|Any CPU
		{51ECF26F-A367-4AED-B5D3-F253EAF87E77}.Debug|ARM.Build.0 = Debug|Any CPU
		{51ECF26F-A367-4AED-B5D3-F253EAF87E77}.Debug|iPhone.ActiveCfg = Debug|Any CPU
		{51ECF26F-A367-4AED-B5D3-F253EAF87E77}.Debug|iPhone.Build.0 = Debug|Any CPU
		{51ECF26F-A367-4AED-B5D3-F253EAF87E77}.Debug|iPhoneSimulator.ActiveCfg = Debug|Any CPU
		{51ECF26F-A367-4AED-B5D3-F253EAF87E77}.Debug|iPhoneSimulator.Build.0 = Debug|Any CPU
		{51ECF26F-A367-4AED-B5D3-F253EAF87E77}.Debug|x64.ActiveCfg = Debug|Any CPU
		{51ECF26F-A367-4AED-B5D3-F253EAF87E77}.Debug|x64.Build.0 = Debug|Any CPU
		{51ECF26F-A367-4AED-B5D3-F253EAF87E77}.Debug|x86.ActiveCfg = Debug|Any CPU
		{51ECF26F-A367-4AED-B5D3-F253EAF87E77}.Debug|x86.Build.0 = Debug|Any CPU
		{51ECF26F-A367-4AED-B5D3-F253EAF87E77}.Release|Any CPU.ActiveCfg = Release|Any CPU
		{51ECF26F-A367-4AED-B5D3-F253EAF87E77}.Release|Any CPU.Build.0 = Release|Any CPU
		{51ECF26F-A367-4AED-B5D3-F253EAF87E77}.Release|ARM.ActiveCfg = Release|Any CPU
		{51ECF26F-A367-4AED-B5D3-F253EAF87E77}.Release|ARM.Build.0 = Release|Any CPU
		{51ECF26F-A367-4AED-B5D3-F253EAF87E77}.Release|iPhone.ActiveCfg = Release|Any CPU
		{51ECF26F-A367-4AED-B5D3-F253EAF87E77}.Release|iPhone.Build.0 = Release|Any CPU
		{51ECF26F-A367-4AED-B5D3-F253EAF87E77}.Release|iPhoneSimulator.ActiveCfg = Release|Any CPU
		{51ECF26F-A367-4AED-B5D3-F253EAF87E77}.Release|iPhoneSimulator.Build.0 = Release|Any CPU
		{51ECF26F-A367-4AED-B5D3-F253EAF87E77}.Release|x64.ActiveCfg = Release|Any CPU
		{51ECF26F-A367-4AED-B5D3-F253EAF87E77}.Release|x64.Build.0 = Release|Any CPU
		{51ECF26F-A367-4AED-B5D3-F253EAF87E77}.Release|x86.ActiveCfg = Release|Any CPU
		{51ECF26F-A367-4AED-B5D3-F253EAF87E77}.Release|x86.Build.0 = Release|Any CPU
		{A15CCF22-F66B-4FB7-B023-706CA46F0871}.Debug|Any CPU.ActiveCfg = Debug|Any CPU
		{A15CCF22-F66B-4FB7-B023-706CA46F0871}.Debug|Any CPU.Build.0 = Debug|Any CPU
		{A15CCF22-F66B-4FB7-B023-706CA46F0871}.Debug|ARM.ActiveCfg = Debug|Any CPU
		{A15CCF22-F66B-4FB7-B023-706CA46F0871}.Debug|ARM.Build.0 = Debug|Any CPU
		{A15CCF22-F66B-4FB7-B023-706CA46F0871}.Debug|iPhone.ActiveCfg = Debug|Any CPU
		{A15CCF22-F66B-4FB7-B023-706CA46F0871}.Debug|iPhone.Build.0 = Debug|Any CPU
		{A15CCF22-F66B-4FB7-B023-706CA46F0871}.Debug|iPhoneSimulator.ActiveCfg = Debug|Any CPU
		{A15CCF22-F66B-4FB7-B023-706CA46F0871}.Debug|iPhoneSimulator.Build.0 = Debug|Any CPU
		{A15CCF22-F66B-4FB7-B023-706CA46F0871}.Debug|x64.ActiveCfg = Debug|Any CPU
		{A15CCF22-F66B-4FB7-B023-706CA46F0871}.Debug|x64.Build.0 = Debug|Any CPU
		{A15CCF22-F66B-4FB7-B023-706CA46F0871}.Debug|x86.ActiveCfg = Debug|Any CPU
		{A15CCF22-F66B-4FB7-B023-706CA46F0871}.Debug|x86.Build.0 = Debug|Any CPU
		{A15CCF22-F66B-4FB7-B023-706CA46F0871}.Release|Any CPU.ActiveCfg = Release|Any CPU
		{A15CCF22-F66B-4FB7-B023-706CA46F0871}.Release|Any CPU.Build.0 = Release|Any CPU
		{A15CCF22-F66B-4FB7-B023-706CA46F0871}.Release|ARM.ActiveCfg = Release|Any CPU
		{A15CCF22-F66B-4FB7-B023-706CA46F0871}.Release|ARM.Build.0 = Release|Any CPU
		{A15CCF22-F66B-4FB7-B023-706CA46F0871}.Release|iPhone.ActiveCfg = Release|Any CPU
		{A15CCF22-F66B-4FB7-B023-706CA46F0871}.Release|iPhone.Build.0 = Release|Any CPU
		{A15CCF22-F66B-4FB7-B023-706CA46F0871}.Release|iPhoneSimulator.ActiveCfg = Release|Any CPU
		{A15CCF22-F66B-4FB7-B023-706CA46F0871}.Release|iPhoneSimulator.Build.0 = Release|Any CPU
		{A15CCF22-F66B-4FB7-B023-706CA46F0871}.Release|x64.ActiveCfg = Release|Any CPU
		{A15CCF22-F66B-4FB7-B023-706CA46F0871}.Release|x64.Build.0 = Release|Any CPU
		{A15CCF22-F66B-4FB7-B023-706CA46F0871}.Release|x86.ActiveCfg = Release|Any CPU
		{A15CCF22-F66B-4FB7-B023-706CA46F0871}.Release|x86.Build.0 = Release|Any CPU
		{4EF931E1-AC63-4433-865E-035447F397BF}.Debug|Any CPU.ActiveCfg = Debug|Any CPU
		{4EF931E1-AC63-4433-865E-035447F397BF}.Debug|Any CPU.Build.0 = Debug|Any CPU
		{4EF931E1-AC63-4433-865E-035447F397BF}.Debug|ARM.ActiveCfg = Debug|Any CPU
		{4EF931E1-AC63-4433-865E-035447F397BF}.Debug|ARM.Build.0 = Debug|Any CPU
		{4EF931E1-AC63-4433-865E-035447F397BF}.Debug|iPhone.ActiveCfg = Debug|Any CPU
		{4EF931E1-AC63-4433-865E-035447F397BF}.Debug|iPhone.Build.0 = Debug|Any CPU
		{4EF931E1-AC63-4433-865E-035447F397BF}.Debug|iPhoneSimulator.ActiveCfg = Debug|Any CPU
		{4EF931E1-AC63-4433-865E-035447F397BF}.Debug|iPhoneSimulator.Build.0 = Debug|Any CPU
		{4EF931E1-AC63-4433-865E-035447F397BF}.Debug|x64.ActiveCfg = Debug|Any CPU
		{4EF931E1-AC63-4433-865E-035447F397BF}.Debug|x64.Build.0 = Debug|Any CPU
		{4EF931E1-AC63-4433-865E-035447F397BF}.Debug|x86.ActiveCfg = Debug|Any CPU
		{4EF931E1-AC63-4433-865E-035447F397BF}.Debug|x86.Build.0 = Debug|Any CPU
		{4EF931E1-AC63-4433-865E-035447F397BF}.Release|Any CPU.ActiveCfg = Release|Any CPU
		{4EF931E1-AC63-4433-865E-035447F397BF}.Release|Any CPU.Build.0 = Release|Any CPU
		{4EF931E1-AC63-4433-865E-035447F397BF}.Release|ARM.ActiveCfg = Release|Any CPU
		{4EF931E1-AC63-4433-865E-035447F397BF}.Release|ARM.Build.0 = Release|Any CPU
		{4EF931E1-AC63-4433-865E-035447F397BF}.Release|iPhone.ActiveCfg = Release|Any CPU
		{4EF931E1-AC63-4433-865E-035447F397BF}.Release|iPhone.Build.0 = Release|Any CPU
		{4EF931E1-AC63-4433-865E-035447F397BF}.Release|iPhoneSimulator.ActiveCfg = Release|Any CPU
		{4EF931E1-AC63-4433-865E-035447F397BF}.Release|iPhoneSimulator.Build.0 = Release|Any CPU
		{4EF931E1-AC63-4433-865E-035447F397BF}.Release|x64.ActiveCfg = Release|Any CPU
		{4EF931E1-AC63-4433-865E-035447F397BF}.Release|x64.Build.0 = Release|Any CPU
		{4EF931E1-AC63-4433-865E-035447F397BF}.Release|x86.ActiveCfg = Release|Any CPU
		{4EF931E1-AC63-4433-865E-035447F397BF}.Release|x86.Build.0 = Release|Any CPU
		{10DDBD65-5FDF-4708-9F4A-AE76AF2CCB5E}.Debug|Any CPU.ActiveCfg = Debug|Any CPU
		{10DDBD65-5FDF-4708-9F4A-AE76AF2CCB5E}.Debug|Any CPU.Build.0 = Debug|Any CPU
		{10DDBD65-5FDF-4708-9F4A-AE76AF2CCB5E}.Debug|ARM.ActiveCfg = Debug|Any CPU
		{10DDBD65-5FDF-4708-9F4A-AE76AF2CCB5E}.Debug|ARM.Build.0 = Debug|Any CPU
		{10DDBD65-5FDF-4708-9F4A-AE76AF2CCB5E}.Debug|iPhone.ActiveCfg = Debug|Any CPU
		{10DDBD65-5FDF-4708-9F4A-AE76AF2CCB5E}.Debug|iPhone.Build.0 = Debug|Any CPU
		{10DDBD65-5FDF-4708-9F4A-AE76AF2CCB5E}.Debug|iPhoneSimulator.ActiveCfg = Debug|Any CPU
		{10DDBD65-5FDF-4708-9F4A-AE76AF2CCB5E}.Debug|iPhoneSimulator.Build.0 = Debug|Any CPU
		{10DDBD65-5FDF-4708-9F4A-AE76AF2CCB5E}.Debug|x64.ActiveCfg = Debug|Any CPU
		{10DDBD65-5FDF-4708-9F4A-AE76AF2CCB5E}.Debug|x64.Build.0 = Debug|Any CPU
		{10DDBD65-5FDF-4708-9F4A-AE76AF2CCB5E}.Debug|x86.ActiveCfg = Debug|Any CPU
		{10DDBD65-5FDF-4708-9F4A-AE76AF2CCB5E}.Debug|x86.Build.0 = Debug|Any CPU
		{10DDBD65-5FDF-4708-9F4A-AE76AF2CCB5E}.Release|Any CPU.ActiveCfg = Release|Any CPU
		{10DDBD65-5FDF-4708-9F4A-AE76AF2CCB5E}.Release|Any CPU.Build.0 = Release|Any CPU
		{10DDBD65-5FDF-4708-9F4A-AE76AF2CCB5E}.Release|ARM.ActiveCfg = Release|Any CPU
		{10DDBD65-5FDF-4708-9F4A-AE76AF2CCB5E}.Release|ARM.Build.0 = Release|Any CPU
		{10DDBD65-5FDF-4708-9F4A-AE76AF2CCB5E}.Release|iPhone.ActiveCfg = Release|Any CPU
		{10DDBD65-5FDF-4708-9F4A-AE76AF2CCB5E}.Release|iPhone.Build.0 = Release|Any CPU
		{10DDBD65-5FDF-4708-9F4A-AE76AF2CCB5E}.Release|iPhoneSimulator.ActiveCfg = Release|Any CPU
		{10DDBD65-5FDF-4708-9F4A-AE76AF2CCB5E}.Release|iPhoneSimulator.Build.0 = Release|Any CPU
		{10DDBD65-5FDF-4708-9F4A-AE76AF2CCB5E}.Release|x64.ActiveCfg = Release|Any CPU
		{10DDBD65-5FDF-4708-9F4A-AE76AF2CCB5E}.Release|x64.Build.0 = Release|Any CPU
		{10DDBD65-5FDF-4708-9F4A-AE76AF2CCB5E}.Release|x86.ActiveCfg = Release|Any CPU
		{10DDBD65-5FDF-4708-9F4A-AE76AF2CCB5E}.Release|x86.Build.0 = Release|Any CPU
		{4A8790AA-C228-4E4A-B85C-B91A91B9CA33}.Debug|Any CPU.ActiveCfg = Debug|Any CPU
		{4A8790AA-C228-4E4A-B85C-B91A91B9CA33}.Debug|Any CPU.Build.0 = Debug|Any CPU
		{4A8790AA-C228-4E4A-B85C-B91A91B9CA33}.Debug|ARM.ActiveCfg = Debug|Any CPU
		{4A8790AA-C228-4E4A-B85C-B91A91B9CA33}.Debug|ARM.Build.0 = Debug|Any CPU
		{4A8790AA-C228-4E4A-B85C-B91A91B9CA33}.Debug|iPhone.ActiveCfg = Debug|Any CPU
		{4A8790AA-C228-4E4A-B85C-B91A91B9CA33}.Debug|iPhone.Build.0 = Debug|Any CPU
		{4A8790AA-C228-4E4A-B85C-B91A91B9CA33}.Debug|iPhoneSimulator.ActiveCfg = Debug|Any CPU
		{4A8790AA-C228-4E4A-B85C-B91A91B9CA33}.Debug|iPhoneSimulator.Build.0 = Debug|Any CPU
		{4A8790AA-C228-4E4A-B85C-B91A91B9CA33}.Debug|x64.ActiveCfg = Debug|Any CPU
		{4A8790AA-C228-4E4A-B85C-B91A91B9CA33}.Debug|x64.Build.0 = Debug|Any CPU
		{4A8790AA-C228-4E4A-B85C-B91A91B9CA33}.Debug|x86.ActiveCfg = Debug|Any CPU
		{4A8790AA-C228-4E4A-B85C-B91A91B9CA33}.Debug|x86.Build.0 = Debug|Any CPU
		{4A8790AA-C228-4E4A-B85C-B91A91B9CA33}.Release|Any CPU.ActiveCfg = Release|Any CPU
		{4A8790AA-C228-4E4A-B85C-B91A91B9CA33}.Release|Any CPU.Build.0 = Release|Any CPU
		{4A8790AA-C228-4E4A-B85C-B91A91B9CA33}.Release|ARM.ActiveCfg = Release|Any CPU
		{4A8790AA-C228-4E4A-B85C-B91A91B9CA33}.Release|ARM.Build.0 = Release|Any CPU
		{4A8790AA-C228-4E4A-B85C-B91A91B9CA33}.Release|iPhone.ActiveCfg = Release|Any CPU
		{4A8790AA-C228-4E4A-B85C-B91A91B9CA33}.Release|iPhone.Build.0 = Release|Any CPU
		{4A8790AA-C228-4E4A-B85C-B91A91B9CA33}.Release|iPhoneSimulator.ActiveCfg = Release|Any CPU
		{4A8790AA-C228-4E4A-B85C-B91A91B9CA33}.Release|iPhoneSimulator.Build.0 = Release|Any CPU
		{4A8790AA-C228-4E4A-B85C-B91A91B9CA33}.Release|x64.ActiveCfg = Release|Any CPU
		{4A8790AA-C228-4E4A-B85C-B91A91B9CA33}.Release|x64.Build.0 = Release|Any CPU
		{4A8790AA-C228-4E4A-B85C-B91A91B9CA33}.Release|x86.ActiveCfg = Release|Any CPU
		{4A8790AA-C228-4E4A-B85C-B91A91B9CA33}.Release|x86.Build.0 = Release|Any CPU
		{2286C879-311A-4564-92E8-7039A19FCCE7}.Debug|Any CPU.ActiveCfg = Debug|x86
		{2286C879-311A-4564-92E8-7039A19FCCE7}.Debug|Any CPU.Build.0 = Debug|x86
		{2286C879-311A-4564-92E8-7039A19FCCE7}.Debug|Any CPU.Deploy.0 = Debug|x86
		{2286C879-311A-4564-92E8-7039A19FCCE7}.Debug|ARM.ActiveCfg = Debug|ARM
		{2286C879-311A-4564-92E8-7039A19FCCE7}.Debug|ARM.Build.0 = Debug|ARM
		{2286C879-311A-4564-92E8-7039A19FCCE7}.Debug|ARM.Deploy.0 = Debug|ARM
		{2286C879-311A-4564-92E8-7039A19FCCE7}.Debug|iPhone.ActiveCfg = Debug|x86
		{2286C879-311A-4564-92E8-7039A19FCCE7}.Debug|iPhoneSimulator.ActiveCfg = Debug|x86
		{2286C879-311A-4564-92E8-7039A19FCCE7}.Debug|iPhoneSimulator.Build.0 = Debug|x86
		{2286C879-311A-4564-92E8-7039A19FCCE7}.Debug|iPhoneSimulator.Deploy.0 = Debug|x86
		{2286C879-311A-4564-92E8-7039A19FCCE7}.Debug|x64.ActiveCfg = Debug|x64
		{2286C879-311A-4564-92E8-7039A19FCCE7}.Debug|x64.Build.0 = Debug|x64
		{2286C879-311A-4564-92E8-7039A19FCCE7}.Debug|x64.Deploy.0 = Debug|x64
		{2286C879-311A-4564-92E8-7039A19FCCE7}.Debug|x86.ActiveCfg = Debug|x86
		{2286C879-311A-4564-92E8-7039A19FCCE7}.Debug|x86.Build.0 = Debug|x86
		{2286C879-311A-4564-92E8-7039A19FCCE7}.Debug|x86.Deploy.0 = Debug|x86
		{2286C879-311A-4564-92E8-7039A19FCCE7}.Release|Any CPU.ActiveCfg = Release|x86
		{2286C879-311A-4564-92E8-7039A19FCCE7}.Release|ARM.ActiveCfg = Release|ARM
		{2286C879-311A-4564-92E8-7039A19FCCE7}.Release|ARM.Build.0 = Release|ARM
		{2286C879-311A-4564-92E8-7039A19FCCE7}.Release|ARM.Deploy.0 = Release|ARM
		{2286C879-311A-4564-92E8-7039A19FCCE7}.Release|iPhone.ActiveCfg = Release|x86
		{2286C879-311A-4564-92E8-7039A19FCCE7}.Release|iPhoneSimulator.ActiveCfg = Release|x86
		{2286C879-311A-4564-92E8-7039A19FCCE7}.Release|x64.ActiveCfg = Release|x64
		{2286C879-311A-4564-92E8-7039A19FCCE7}.Release|x64.Build.0 = Release|x64
		{2286C879-311A-4564-92E8-7039A19FCCE7}.Release|x64.Deploy.0 = Release|x64
		{2286C879-311A-4564-92E8-7039A19FCCE7}.Release|x86.ActiveCfg = Release|x86
		{2286C879-311A-4564-92E8-7039A19FCCE7}.Release|x86.Build.0 = Release|x86
		{2286C879-311A-4564-92E8-7039A19FCCE7}.Release|x86.Deploy.0 = Release|x86
		{B469C1A1-5B05-40D2-B5B3-59B2B4A8A814}.Debug|Any CPU.ActiveCfg = Debug|Any CPU
		{B469C1A1-5B05-40D2-B5B3-59B2B4A8A814}.Debug|Any CPU.Build.0 = Debug|Any CPU
		{B469C1A1-5B05-40D2-B5B3-59B2B4A8A814}.Debug|Any CPU.Deploy.0 = Debug|Any CPU
		{B469C1A1-5B05-40D2-B5B3-59B2B4A8A814}.Debug|ARM.ActiveCfg = Debug|Any CPU
		{B469C1A1-5B05-40D2-B5B3-59B2B4A8A814}.Debug|ARM.Build.0 = Debug|Any CPU
		{B469C1A1-5B05-40D2-B5B3-59B2B4A8A814}.Debug|ARM.Deploy.0 = Debug|Any CPU
		{B469C1A1-5B05-40D2-B5B3-59B2B4A8A814}.Debug|iPhone.ActiveCfg = Debug|Any CPU
		{B469C1A1-5B05-40D2-B5B3-59B2B4A8A814}.Debug|iPhone.Build.0 = Debug|Any CPU
		{B469C1A1-5B05-40D2-B5B3-59B2B4A8A814}.Debug|iPhone.Deploy.0 = Debug|Any CPU
		{B469C1A1-5B05-40D2-B5B3-59B2B4A8A814}.Debug|iPhoneSimulator.ActiveCfg = Debug|Any CPU
		{B469C1A1-5B05-40D2-B5B3-59B2B4A8A814}.Debug|iPhoneSimulator.Build.0 = Debug|Any CPU
		{B469C1A1-5B05-40D2-B5B3-59B2B4A8A814}.Debug|iPhoneSimulator.Deploy.0 = Debug|Any CPU
		{B469C1A1-5B05-40D2-B5B3-59B2B4A8A814}.Debug|x64.ActiveCfg = Debug|Any CPU
		{B469C1A1-5B05-40D2-B5B3-59B2B4A8A814}.Debug|x64.Build.0 = Debug|Any CPU
		{B469C1A1-5B05-40D2-B5B3-59B2B4A8A814}.Debug|x64.Deploy.0 = Debug|Any CPU
		{B469C1A1-5B05-40D2-B5B3-59B2B4A8A814}.Debug|x86.ActiveCfg = Debug|Any CPU
		{B469C1A1-5B05-40D2-B5B3-59B2B4A8A814}.Debug|x86.Build.0 = Debug|Any CPU
		{B469C1A1-5B05-40D2-B5B3-59B2B4A8A814}.Debug|x86.Deploy.0 = Debug|Any CPU
		{B469C1A1-5B05-40D2-B5B3-59B2B4A8A814}.Release|Any CPU.ActiveCfg = Release|Any CPU
		{B469C1A1-5B05-40D2-B5B3-59B2B4A8A814}.Release|Any CPU.Build.0 = Release|Any CPU
		{B469C1A1-5B05-40D2-B5B3-59B2B4A8A814}.Release|Any CPU.Deploy.0 = Release|Any CPU
		{B469C1A1-5B05-40D2-B5B3-59B2B4A8A814}.Release|ARM.ActiveCfg = Release|Any CPU
		{B469C1A1-5B05-40D2-B5B3-59B2B4A8A814}.Release|ARM.Build.0 = Release|Any CPU
		{B469C1A1-5B05-40D2-B5B3-59B2B4A8A814}.Release|ARM.Deploy.0 = Release|Any CPU
		{B469C1A1-5B05-40D2-B5B3-59B2B4A8A814}.Release|iPhone.ActiveCfg = Release|Any CPU
		{B469C1A1-5B05-40D2-B5B3-59B2B4A8A814}.Release|iPhone.Build.0 = Release|Any CPU
		{B469C1A1-5B05-40D2-B5B3-59B2B4A8A814}.Release|iPhone.Deploy.0 = Release|Any CPU
		{B469C1A1-5B05-40D2-B5B3-59B2B4A8A814}.Release|iPhoneSimulator.ActiveCfg = Release|Any CPU
		{B469C1A1-5B05-40D2-B5B3-59B2B4A8A814}.Release|iPhoneSimulator.Build.0 = Release|Any CPU
		{B469C1A1-5B05-40D2-B5B3-59B2B4A8A814}.Release|iPhoneSimulator.Deploy.0 = Release|Any CPU
		{B469C1A1-5B05-40D2-B5B3-59B2B4A8A814}.Release|x64.ActiveCfg = Release|Any CPU
		{B469C1A1-5B05-40D2-B5B3-59B2B4A8A814}.Release|x64.Build.0 = Release|Any CPU
		{B469C1A1-5B05-40D2-B5B3-59B2B4A8A814}.Release|x64.Deploy.0 = Release|Any CPU
		{B469C1A1-5B05-40D2-B5B3-59B2B4A8A814}.Release|x86.ActiveCfg = Release|Any CPU
		{B469C1A1-5B05-40D2-B5B3-59B2B4A8A814}.Release|x86.Build.0 = Release|Any CPU
		{B469C1A1-5B05-40D2-B5B3-59B2B4A8A814}.Release|x86.Deploy.0 = Release|Any CPU
		{8C23DEAB-E815-404F-9C34-3181B5FAF1A6}.Debug|Any CPU.ActiveCfg = Debug|iPhoneSimulator
		{8C23DEAB-E815-404F-9C34-3181B5FAF1A6}.Debug|Any CPU.Build.0 = Debug|iPhoneSimulator
		{8C23DEAB-E815-404F-9C34-3181B5FAF1A6}.Debug|ARM.ActiveCfg = Debug|iPhoneSimulator
		{8C23DEAB-E815-404F-9C34-3181B5FAF1A6}.Debug|iPhone.ActiveCfg = Debug|iPhone
		{8C23DEAB-E815-404F-9C34-3181B5FAF1A6}.Debug|iPhone.Build.0 = Debug|iPhone
		{8C23DEAB-E815-404F-9C34-3181B5FAF1A6}.Debug|iPhoneSimulator.ActiveCfg = Debug|iPhoneSimulator
		{8C23DEAB-E815-404F-9C34-3181B5FAF1A6}.Debug|iPhoneSimulator.Build.0 = Debug|iPhoneSimulator
		{8C23DEAB-E815-404F-9C34-3181B5FAF1A6}.Debug|x64.ActiveCfg = Debug|iPhoneSimulator
		{8C23DEAB-E815-404F-9C34-3181B5FAF1A6}.Debug|x86.ActiveCfg = Debug|iPhoneSimulator
		{8C23DEAB-E815-404F-9C34-3181B5FAF1A6}.Release|Any CPU.ActiveCfg = Release|iPhoneSimulator
		{8C23DEAB-E815-404F-9C34-3181B5FAF1A6}.Release|ARM.ActiveCfg = Release|iPhoneSimulator
		{8C23DEAB-E815-404F-9C34-3181B5FAF1A6}.Release|iPhone.ActiveCfg = Release|iPhone
		{8C23DEAB-E815-404F-9C34-3181B5FAF1A6}.Release|iPhone.Build.0 = Release|iPhone
		{8C23DEAB-E815-404F-9C34-3181B5FAF1A6}.Release|iPhoneSimulator.ActiveCfg = Release|iPhoneSimulator
		{8C23DEAB-E815-404F-9C34-3181B5FAF1A6}.Release|iPhoneSimulator.Build.0 = Release|iPhoneSimulator
		{8C23DEAB-E815-404F-9C34-3181B5FAF1A6}.Release|x64.ActiveCfg = Release|iPhoneSimulator
		{8C23DEAB-E815-404F-9C34-3181B5FAF1A6}.Release|x86.ActiveCfg = Release|iPhoneSimulator
		{7196C2D3-3E0A-4ACF-A3CD-9FC6ECC3DFF7}.Debug|Any CPU.ActiveCfg = Debug|Any CPU
		{7196C2D3-3E0A-4ACF-A3CD-9FC6ECC3DFF7}.Debug|Any CPU.Build.0 = Debug|Any CPU
		{7196C2D3-3E0A-4ACF-A3CD-9FC6ECC3DFF7}.Debug|ARM.ActiveCfg = Debug|Any CPU
		{7196C2D3-3E0A-4ACF-A3CD-9FC6ECC3DFF7}.Debug|ARM.Build.0 = Debug|Any CPU
		{7196C2D3-3E0A-4ACF-A3CD-9FC6ECC3DFF7}.Debug|iPhone.ActiveCfg = Debug|Any CPU
		{7196C2D3-3E0A-4ACF-A3CD-9FC6ECC3DFF7}.Debug|iPhone.Build.0 = Debug|Any CPU
		{7196C2D3-3E0A-4ACF-A3CD-9FC6ECC3DFF7}.Debug|iPhoneSimulator.ActiveCfg = Debug|Any CPU
		{7196C2D3-3E0A-4ACF-A3CD-9FC6ECC3DFF7}.Debug|iPhoneSimulator.Build.0 = Debug|Any CPU
		{7196C2D3-3E0A-4ACF-A3CD-9FC6ECC3DFF7}.Debug|x64.ActiveCfg = Debug|Any CPU
		{7196C2D3-3E0A-4ACF-A3CD-9FC6ECC3DFF7}.Debug|x64.Build.0 = Debug|Any CPU
		{7196C2D3-3E0A-4ACF-A3CD-9FC6ECC3DFF7}.Debug|x86.ActiveCfg = Debug|Any CPU
		{7196C2D3-3E0A-4ACF-A3CD-9FC6ECC3DFF7}.Debug|x86.Build.0 = Debug|Any CPU
		{7196C2D3-3E0A-4ACF-A3CD-9FC6ECC3DFF7}.Release|Any CPU.ActiveCfg = Release|Any CPU
		{7196C2D3-3E0A-4ACF-A3CD-9FC6ECC3DFF7}.Release|Any CPU.Build.0 = Release|Any CPU
		{7196C2D3-3E0A-4ACF-A3CD-9FC6ECC3DFF7}.Release|ARM.ActiveCfg = Release|Any CPU
		{7196C2D3-3E0A-4ACF-A3CD-9FC6ECC3DFF7}.Release|ARM.Build.0 = Release|Any CPU
		{7196C2D3-3E0A-4ACF-A3CD-9FC6ECC3DFF7}.Release|iPhone.ActiveCfg = Release|Any CPU
		{7196C2D3-3E0A-4ACF-A3CD-9FC6ECC3DFF7}.Release|iPhone.Build.0 = Release|Any CPU
		{7196C2D3-3E0A-4ACF-A3CD-9FC6ECC3DFF7}.Release|iPhoneSimulator.ActiveCfg = Release|Any CPU
		{7196C2D3-3E0A-4ACF-A3CD-9FC6ECC3DFF7}.Release|iPhoneSimulator.Build.0 = Release|Any CPU
		{7196C2D3-3E0A-4ACF-A3CD-9FC6ECC3DFF7}.Release|x64.ActiveCfg = Release|Any CPU
		{7196C2D3-3E0A-4ACF-A3CD-9FC6ECC3DFF7}.Release|x64.Build.0 = Release|Any CPU
		{7196C2D3-3E0A-4ACF-A3CD-9FC6ECC3DFF7}.Release|x86.ActiveCfg = Release|Any CPU
		{7196C2D3-3E0A-4ACF-A3CD-9FC6ECC3DFF7}.Release|x86.Build.0 = Release|Any CPU
		{1457900B-E1D1-4C31-91DA-4F767DE98E7C}.Debug|Any CPU.ActiveCfg = Debug|Any CPU
		{1457900B-E1D1-4C31-91DA-4F767DE98E7C}.Debug|Any CPU.Build.0 = Debug|Any CPU
		{1457900B-E1D1-4C31-91DA-4F767DE98E7C}.Debug|ARM.ActiveCfg = Debug|Any CPU
		{1457900B-E1D1-4C31-91DA-4F767DE98E7C}.Debug|ARM.Build.0 = Debug|Any CPU
		{1457900B-E1D1-4C31-91DA-4F767DE98E7C}.Debug|ARM.Deploy.0 = Debug|Any CPU
		{1457900B-E1D1-4C31-91DA-4F767DE98E7C}.Debug|iPhone.ActiveCfg = Debug|Any CPU
		{1457900B-E1D1-4C31-91DA-4F767DE98E7C}.Debug|iPhone.Build.0 = Debug|Any CPU
		{1457900B-E1D1-4C31-91DA-4F767DE98E7C}.Debug|iPhone.Deploy.0 = Debug|Any CPU
		{1457900B-E1D1-4C31-91DA-4F767DE98E7C}.Debug|iPhoneSimulator.ActiveCfg = Debug|Any CPU
		{1457900B-E1D1-4C31-91DA-4F767DE98E7C}.Debug|iPhoneSimulator.Build.0 = Debug|Any CPU
		{1457900B-E1D1-4C31-91DA-4F767DE98E7C}.Debug|iPhoneSimulator.Deploy.0 = Debug|Any CPU
		{1457900B-E1D1-4C31-91DA-4F767DE98E7C}.Debug|x64.ActiveCfg = Debug|Any CPU
		{1457900B-E1D1-4C31-91DA-4F767DE98E7C}.Debug|x64.Build.0 = Debug|Any CPU
		{1457900B-E1D1-4C31-91DA-4F767DE98E7C}.Debug|x64.Deploy.0 = Debug|Any CPU
		{1457900B-E1D1-4C31-91DA-4F767DE98E7C}.Debug|x86.ActiveCfg = Debug|Any CPU
		{1457900B-E1D1-4C31-91DA-4F767DE98E7C}.Debug|x86.Build.0 = Debug|Any CPU
		{1457900B-E1D1-4C31-91DA-4F767DE98E7C}.Debug|x86.Deploy.0 = Debug|Any CPU
		{1457900B-E1D1-4C31-91DA-4F767DE98E7C}.Release|Any CPU.ActiveCfg = Release|Any CPU
		{1457900B-E1D1-4C31-91DA-4F767DE98E7C}.Release|Any CPU.Build.0 = Release|Any CPU
		{1457900B-E1D1-4C31-91DA-4F767DE98E7C}.Release|Any CPU.Deploy.0 = Release|Any CPU
		{1457900B-E1D1-4C31-91DA-4F767DE98E7C}.Release|ARM.ActiveCfg = Release|Any CPU
		{1457900B-E1D1-4C31-91DA-4F767DE98E7C}.Release|ARM.Build.0 = Release|Any CPU
		{1457900B-E1D1-4C31-91DA-4F767DE98E7C}.Release|ARM.Deploy.0 = Release|Any CPU
		{1457900B-E1D1-4C31-91DA-4F767DE98E7C}.Release|iPhone.ActiveCfg = Release|Any CPU
		{1457900B-E1D1-4C31-91DA-4F767DE98E7C}.Release|iPhone.Build.0 = Release|Any CPU
		{1457900B-E1D1-4C31-91DA-4F767DE98E7C}.Release|iPhone.Deploy.0 = Release|Any CPU
		{1457900B-E1D1-4C31-91DA-4F767DE98E7C}.Release|iPhoneSimulator.ActiveCfg = Release|Any CPU
		{1457900B-E1D1-4C31-91DA-4F767DE98E7C}.Release|iPhoneSimulator.Build.0 = Release|Any CPU
		{1457900B-E1D1-4C31-91DA-4F767DE98E7C}.Release|iPhoneSimulator.Deploy.0 = Release|Any CPU
		{1457900B-E1D1-4C31-91DA-4F767DE98E7C}.Release|x64.ActiveCfg = Release|Any CPU
		{1457900B-E1D1-4C31-91DA-4F767DE98E7C}.Release|x64.Build.0 = Release|Any CPU
		{1457900B-E1D1-4C31-91DA-4F767DE98E7C}.Release|x64.Deploy.0 = Release|Any CPU
		{1457900B-E1D1-4C31-91DA-4F767DE98E7C}.Release|x86.ActiveCfg = Release|Any CPU
		{1457900B-E1D1-4C31-91DA-4F767DE98E7C}.Release|x86.Build.0 = Release|Any CPU
		{1457900B-E1D1-4C31-91DA-4F767DE98E7C}.Release|x86.Deploy.0 = Release|Any CPU
		{88E51AA8-6B1C-44A8-B54D-85FAE281238D}.Debug|Any CPU.ActiveCfg = Debug|iPhoneSimulator
		{88E51AA8-6B1C-44A8-B54D-85FAE281238D}.Debug|ARM.ActiveCfg = Debug|iPhoneSimulator
		{88E51AA8-6B1C-44A8-B54D-85FAE281238D}.Debug|iPhone.ActiveCfg = Debug|iPhone
		{88E51AA8-6B1C-44A8-B54D-85FAE281238D}.Debug|iPhone.Build.0 = Debug|iPhone
		{88E51AA8-6B1C-44A8-B54D-85FAE281238D}.Debug|iPhoneSimulator.ActiveCfg = Debug|iPhoneSimulator
		{88E51AA8-6B1C-44A8-B54D-85FAE281238D}.Debug|iPhoneSimulator.Build.0 = Debug|iPhoneSimulator
		{88E51AA8-6B1C-44A8-B54D-85FAE281238D}.Debug|x64.ActiveCfg = Debug|iPhoneSimulator
		{88E51AA8-6B1C-44A8-B54D-85FAE281238D}.Debug|x86.ActiveCfg = Debug|iPhoneSimulator
		{88E51AA8-6B1C-44A8-B54D-85FAE281238D}.Release|Any CPU.ActiveCfg = Release|iPhoneSimulator
		{88E51AA8-6B1C-44A8-B54D-85FAE281238D}.Release|ARM.ActiveCfg = Release|iPhoneSimulator
		{88E51AA8-6B1C-44A8-B54D-85FAE281238D}.Release|iPhone.ActiveCfg = Release|iPhone
		{88E51AA8-6B1C-44A8-B54D-85FAE281238D}.Release|iPhone.Build.0 = Release|iPhone
		{88E51AA8-6B1C-44A8-B54D-85FAE281238D}.Release|iPhoneSimulator.ActiveCfg = Release|iPhoneSimulator
		{88E51AA8-6B1C-44A8-B54D-85FAE281238D}.Release|iPhoneSimulator.Build.0 = Release|iPhoneSimulator
		{88E51AA8-6B1C-44A8-B54D-85FAE281238D}.Release|x64.ActiveCfg = Release|iPhoneSimulator
		{88E51AA8-6B1C-44A8-B54D-85FAE281238D}.Release|x86.ActiveCfg = Release|iPhoneSimulator
		{DDE7259D-55D7-4F53-A507-B53653C0DE26}.Debug|Any CPU.ActiveCfg = Debug|Any CPU
		{DDE7259D-55D7-4F53-A507-B53653C0DE26}.Debug|Any CPU.Build.0 = Debug|Any CPU
		{DDE7259D-55D7-4F53-A507-B53653C0DE26}.Debug|ARM.ActiveCfg = Debug|Any CPU
		{DDE7259D-55D7-4F53-A507-B53653C0DE26}.Debug|ARM.Build.0 = Debug|Any CPU
		{DDE7259D-55D7-4F53-A507-B53653C0DE26}.Debug|iPhone.ActiveCfg = Debug|Any CPU
		{DDE7259D-55D7-4F53-A507-B53653C0DE26}.Debug|iPhone.Build.0 = Debug|Any CPU
		{DDE7259D-55D7-4F53-A507-B53653C0DE26}.Debug|iPhoneSimulator.ActiveCfg = Debug|Any CPU
		{DDE7259D-55D7-4F53-A507-B53653C0DE26}.Debug|iPhoneSimulator.Build.0 = Debug|Any CPU
		{DDE7259D-55D7-4F53-A507-B53653C0DE26}.Debug|x64.ActiveCfg = Debug|Any CPU
		{DDE7259D-55D7-4F53-A507-B53653C0DE26}.Debug|x64.Build.0 = Debug|Any CPU
		{DDE7259D-55D7-4F53-A507-B53653C0DE26}.Debug|x86.ActiveCfg = Debug|Any CPU
		{DDE7259D-55D7-4F53-A507-B53653C0DE26}.Debug|x86.Build.0 = Debug|Any CPU
		{DDE7259D-55D7-4F53-A507-B53653C0DE26}.Release|Any CPU.ActiveCfg = Release|Any CPU
		{DDE7259D-55D7-4F53-A507-B53653C0DE26}.Release|Any CPU.Build.0 = Release|Any CPU
		{DDE7259D-55D7-4F53-A507-B53653C0DE26}.Release|ARM.ActiveCfg = Release|Any CPU
		{DDE7259D-55D7-4F53-A507-B53653C0DE26}.Release|ARM.Build.0 = Release|Any CPU
		{DDE7259D-55D7-4F53-A507-B53653C0DE26}.Release|iPhone.ActiveCfg = Release|Any CPU
		{DDE7259D-55D7-4F53-A507-B53653C0DE26}.Release|iPhone.Build.0 = Release|Any CPU
		{DDE7259D-55D7-4F53-A507-B53653C0DE26}.Release|iPhoneSimulator.ActiveCfg = Release|Any CPU
		{DDE7259D-55D7-4F53-A507-B53653C0DE26}.Release|iPhoneSimulator.Build.0 = Release|Any CPU
		{DDE7259D-55D7-4F53-A507-B53653C0DE26}.Release|x64.ActiveCfg = Release|Any CPU
		{DDE7259D-55D7-4F53-A507-B53653C0DE26}.Release|x64.Build.0 = Release|Any CPU
		{DDE7259D-55D7-4F53-A507-B53653C0DE26}.Release|x86.ActiveCfg = Release|Any CPU
		{DDE7259D-55D7-4F53-A507-B53653C0DE26}.Release|x86.Build.0 = Release|Any CPU
		{C1279608-8E45-4B74-B487-1FAB5B51265F}.Debug|Any CPU.ActiveCfg = Debug|Any CPU
		{C1279608-8E45-4B74-B487-1FAB5B51265F}.Debug|Any CPU.Build.0 = Debug|Any CPU
		{C1279608-8E45-4B74-B487-1FAB5B51265F}.Debug|ARM.ActiveCfg = Debug|Any CPU
		{C1279608-8E45-4B74-B487-1FAB5B51265F}.Debug|ARM.Build.0 = Debug|Any CPU
		{C1279608-8E45-4B74-B487-1FAB5B51265F}.Debug|iPhone.ActiveCfg = Debug|Any CPU
		{C1279608-8E45-4B74-B487-1FAB5B51265F}.Debug|iPhone.Build.0 = Debug|Any CPU
		{C1279608-8E45-4B74-B487-1FAB5B51265F}.Debug|iPhoneSimulator.ActiveCfg = Debug|Any CPU
		{C1279608-8E45-4B74-B487-1FAB5B51265F}.Debug|iPhoneSimulator.Build.0 = Debug|Any CPU
		{C1279608-8E45-4B74-B487-1FAB5B51265F}.Debug|x64.ActiveCfg = Debug|Any CPU
		{C1279608-8E45-4B74-B487-1FAB5B51265F}.Debug|x64.Build.0 = Debug|Any CPU
		{C1279608-8E45-4B74-B487-1FAB5B51265F}.Debug|x86.ActiveCfg = Debug|Any CPU
		{C1279608-8E45-4B74-B487-1FAB5B51265F}.Debug|x86.Build.0 = Debug|Any CPU
		{C1279608-8E45-4B74-B487-1FAB5B51265F}.Release|Any CPU.ActiveCfg = Release|Any CPU
		{C1279608-8E45-4B74-B487-1FAB5B51265F}.Release|Any CPU.Build.0 = Release|Any CPU
		{C1279608-8E45-4B74-B487-1FAB5B51265F}.Release|ARM.ActiveCfg = Release|Any CPU
		{C1279608-8E45-4B74-B487-1FAB5B51265F}.Release|ARM.Build.0 = Release|Any CPU
		{C1279608-8E45-4B74-B487-1FAB5B51265F}.Release|iPhone.ActiveCfg = Release|Any CPU
		{C1279608-8E45-4B74-B487-1FAB5B51265F}.Release|iPhone.Build.0 = Release|Any CPU
		{C1279608-8E45-4B74-B487-1FAB5B51265F}.Release|iPhoneSimulator.ActiveCfg = Release|Any CPU
		{C1279608-8E45-4B74-B487-1FAB5B51265F}.Release|iPhoneSimulator.Build.0 = Release|Any CPU
		{C1279608-8E45-4B74-B487-1FAB5B51265F}.Release|x64.ActiveCfg = Release|Any CPU
		{C1279608-8E45-4B74-B487-1FAB5B51265F}.Release|x64.Build.0 = Release|Any CPU
		{C1279608-8E45-4B74-B487-1FAB5B51265F}.Release|x86.ActiveCfg = Release|Any CPU
		{C1279608-8E45-4B74-B487-1FAB5B51265F}.Release|x86.Build.0 = Release|Any CPU
		{59F03BFE-D7E1-43DD-80B2-289E6B43404A}.Debug|Any CPU.ActiveCfg = Debug|Any CPU
		{59F03BFE-D7E1-43DD-80B2-289E6B43404A}.Debug|Any CPU.Build.0 = Debug|Any CPU
		{59F03BFE-D7E1-43DD-80B2-289E6B43404A}.Debug|ARM.ActiveCfg = Debug|Any CPU
		{59F03BFE-D7E1-43DD-80B2-289E6B43404A}.Debug|ARM.Build.0 = Debug|Any CPU
		{59F03BFE-D7E1-43DD-80B2-289E6B43404A}.Debug|iPhone.ActiveCfg = Debug|Any CPU
		{59F03BFE-D7E1-43DD-80B2-289E6B43404A}.Debug|iPhone.Build.0 = Debug|Any CPU
		{59F03BFE-D7E1-43DD-80B2-289E6B43404A}.Debug|iPhoneSimulator.ActiveCfg = Debug|Any CPU
		{59F03BFE-D7E1-43DD-80B2-289E6B43404A}.Debug|iPhoneSimulator.Build.0 = Debug|Any CPU
		{59F03BFE-D7E1-43DD-80B2-289E6B43404A}.Debug|x64.ActiveCfg = Debug|Any CPU
		{59F03BFE-D7E1-43DD-80B2-289E6B43404A}.Debug|x64.Build.0 = Debug|Any CPU
		{59F03BFE-D7E1-43DD-80B2-289E6B43404A}.Debug|x86.ActiveCfg = Debug|Any CPU
		{59F03BFE-D7E1-43DD-80B2-289E6B43404A}.Debug|x86.Build.0 = Debug|Any CPU
		{59F03BFE-D7E1-43DD-80B2-289E6B43404A}.Release|Any CPU.ActiveCfg = Release|Any CPU
		{59F03BFE-D7E1-43DD-80B2-289E6B43404A}.Release|Any CPU.Build.0 = Release|Any CPU
		{59F03BFE-D7E1-43DD-80B2-289E6B43404A}.Release|ARM.ActiveCfg = Release|Any CPU
		{59F03BFE-D7E1-43DD-80B2-289E6B43404A}.Release|ARM.Build.0 = Release|Any CPU
		{59F03BFE-D7E1-43DD-80B2-289E6B43404A}.Release|iPhone.ActiveCfg = Release|Any CPU
		{59F03BFE-D7E1-43DD-80B2-289E6B43404A}.Release|iPhone.Build.0 = Release|Any CPU
		{59F03BFE-D7E1-43DD-80B2-289E6B43404A}.Release|iPhoneSimulator.ActiveCfg = Release|Any CPU
		{59F03BFE-D7E1-43DD-80B2-289E6B43404A}.Release|iPhoneSimulator.Build.0 = Release|Any CPU
		{59F03BFE-D7E1-43DD-80B2-289E6B43404A}.Release|x64.ActiveCfg = Release|Any CPU
		{59F03BFE-D7E1-43DD-80B2-289E6B43404A}.Release|x64.Build.0 = Release|Any CPU
		{59F03BFE-D7E1-43DD-80B2-289E6B43404A}.Release|x86.ActiveCfg = Release|Any CPU
		{59F03BFE-D7E1-43DD-80B2-289E6B43404A}.Release|x86.Build.0 = Release|Any CPU
		{6B99414B-32C7-4353-A5C6-C0ADA829FB26}.Debug|Any CPU.ActiveCfg = Debug|x86
		{6B99414B-32C7-4353-A5C6-C0ADA829FB26}.Debug|Any CPU.Build.0 = Debug|x86
		{6B99414B-32C7-4353-A5C6-C0ADA829FB26}.Debug|Any CPU.Deploy.0 = Debug|x86
		{6B99414B-32C7-4353-A5C6-C0ADA829FB26}.Debug|ARM.ActiveCfg = Debug|ARM
		{6B99414B-32C7-4353-A5C6-C0ADA829FB26}.Debug|ARM.Build.0 = Debug|ARM
		{6B99414B-32C7-4353-A5C6-C0ADA829FB26}.Debug|ARM.Deploy.0 = Debug|ARM
		{6B99414B-32C7-4353-A5C6-C0ADA829FB26}.Debug|iPhone.ActiveCfg = Debug|x86
		{6B99414B-32C7-4353-A5C6-C0ADA829FB26}.Debug|iPhoneSimulator.ActiveCfg = Debug|x86
		{6B99414B-32C7-4353-A5C6-C0ADA829FB26}.Debug|x64.ActiveCfg = Debug|x64
		{6B99414B-32C7-4353-A5C6-C0ADA829FB26}.Debug|x64.Build.0 = Debug|x64
		{6B99414B-32C7-4353-A5C6-C0ADA829FB26}.Debug|x64.Deploy.0 = Debug|x64
		{6B99414B-32C7-4353-A5C6-C0ADA829FB26}.Debug|x86.ActiveCfg = Debug|x86
		{6B99414B-32C7-4353-A5C6-C0ADA829FB26}.Debug|x86.Build.0 = Debug|x86
		{6B99414B-32C7-4353-A5C6-C0ADA829FB26}.Debug|x86.Deploy.0 = Debug|x86
		{6B99414B-32C7-4353-A5C6-C0ADA829FB26}.Release|Any CPU.ActiveCfg = Release|x86
		{6B99414B-32C7-4353-A5C6-C0ADA829FB26}.Release|ARM.ActiveCfg = Release|ARM
		{6B99414B-32C7-4353-A5C6-C0ADA829FB26}.Release|ARM.Build.0 = Release|ARM
		{6B99414B-32C7-4353-A5C6-C0ADA829FB26}.Release|ARM.Deploy.0 = Release|ARM
		{6B99414B-32C7-4353-A5C6-C0ADA829FB26}.Release|iPhone.ActiveCfg = Release|x86
		{6B99414B-32C7-4353-A5C6-C0ADA829FB26}.Release|iPhoneSimulator.ActiveCfg = Release|x86
		{6B99414B-32C7-4353-A5C6-C0ADA829FB26}.Release|x64.ActiveCfg = Release|x64
		{6B99414B-32C7-4353-A5C6-C0ADA829FB26}.Release|x64.Build.0 = Release|x64
		{6B99414B-32C7-4353-A5C6-C0ADA829FB26}.Release|x64.Deploy.0 = Release|x64
		{6B99414B-32C7-4353-A5C6-C0ADA829FB26}.Release|x86.ActiveCfg = Release|x86
		{6B99414B-32C7-4353-A5C6-C0ADA829FB26}.Release|x86.Build.0 = Release|x86
		{6B99414B-32C7-4353-A5C6-C0ADA829FB26}.Release|x86.Deploy.0 = Release|x86
		{B6B52840-43D0-4A1B-A14E-8A19138E3E22}.Debug|Any CPU.ActiveCfg = Debug|Any CPU
		{B6B52840-43D0-4A1B-A14E-8A19138E3E22}.Debug|Any CPU.Build.0 = Debug|Any CPU
		{B6B52840-43D0-4A1B-A14E-8A19138E3E22}.Debug|Any CPU.Deploy.0 = Debug|Any CPU
		{B6B52840-43D0-4A1B-A14E-8A19138E3E22}.Debug|ARM.ActiveCfg = Debug|Any CPU
		{B6B52840-43D0-4A1B-A14E-8A19138E3E22}.Debug|ARM.Build.0 = Debug|Any CPU
		{B6B52840-43D0-4A1B-A14E-8A19138E3E22}.Debug|ARM.Deploy.0 = Debug|Any CPU
		{B6B52840-43D0-4A1B-A14E-8A19138E3E22}.Debug|iPhone.ActiveCfg = Debug|Any CPU
		{B6B52840-43D0-4A1B-A14E-8A19138E3E22}.Debug|iPhone.Build.0 = Debug|Any CPU
		{B6B52840-43D0-4A1B-A14E-8A19138E3E22}.Debug|iPhone.Deploy.0 = Debug|Any CPU
		{B6B52840-43D0-4A1B-A14E-8A19138E3E22}.Debug|iPhoneSimulator.ActiveCfg = Debug|Any CPU
		{B6B52840-43D0-4A1B-A14E-8A19138E3E22}.Debug|iPhoneSimulator.Build.0 = Debug|Any CPU
		{B6B52840-43D0-4A1B-A14E-8A19138E3E22}.Debug|iPhoneSimulator.Deploy.0 = Debug|Any CPU
		{B6B52840-43D0-4A1B-A14E-8A19138E3E22}.Debug|x64.ActiveCfg = Debug|Any CPU
		{B6B52840-43D0-4A1B-A14E-8A19138E3E22}.Debug|x64.Build.0 = Debug|Any CPU
		{B6B52840-43D0-4A1B-A14E-8A19138E3E22}.Debug|x64.Deploy.0 = Debug|Any CPU
		{B6B52840-43D0-4A1B-A14E-8A19138E3E22}.Debug|x86.ActiveCfg = Debug|Any CPU
		{B6B52840-43D0-4A1B-A14E-8A19138E3E22}.Debug|x86.Build.0 = Debug|Any CPU
		{B6B52840-43D0-4A1B-A14E-8A19138E3E22}.Debug|x86.Deploy.0 = Debug|Any CPU
		{B6B52840-43D0-4A1B-A14E-8A19138E3E22}.Release|Any CPU.ActiveCfg = Release|Any CPU
		{B6B52840-43D0-4A1B-A14E-8A19138E3E22}.Release|Any CPU.Build.0 = Release|Any CPU
		{B6B52840-43D0-4A1B-A14E-8A19138E3E22}.Release|Any CPU.Deploy.0 = Release|Any CPU
		{B6B52840-43D0-4A1B-A14E-8A19138E3E22}.Release|ARM.ActiveCfg = Release|Any CPU
		{B6B52840-43D0-4A1B-A14E-8A19138E3E22}.Release|ARM.Build.0 = Release|Any CPU
		{B6B52840-43D0-4A1B-A14E-8A19138E3E22}.Release|ARM.Deploy.0 = Release|Any CPU
		{B6B52840-43D0-4A1B-A14E-8A19138E3E22}.Release|iPhone.ActiveCfg = Release|Any CPU
		{B6B52840-43D0-4A1B-A14E-8A19138E3E22}.Release|iPhone.Build.0 = Release|Any CPU
		{B6B52840-43D0-4A1B-A14E-8A19138E3E22}.Release|iPhone.Deploy.0 = Release|Any CPU
		{B6B52840-43D0-4A1B-A14E-8A19138E3E22}.Release|iPhoneSimulator.ActiveCfg = Release|Any CPU
		{B6B52840-43D0-4A1B-A14E-8A19138E3E22}.Release|iPhoneSimulator.Build.0 = Release|Any CPU
		{B6B52840-43D0-4A1B-A14E-8A19138E3E22}.Release|iPhoneSimulator.Deploy.0 = Release|Any CPU
		{B6B52840-43D0-4A1B-A14E-8A19138E3E22}.Release|x64.ActiveCfg = Release|Any CPU
		{B6B52840-43D0-4A1B-A14E-8A19138E3E22}.Release|x64.Build.0 = Release|Any CPU
		{B6B52840-43D0-4A1B-A14E-8A19138E3E22}.Release|x64.Deploy.0 = Release|Any CPU
		{B6B52840-43D0-4A1B-A14E-8A19138E3E22}.Release|x86.ActiveCfg = Release|Any CPU
		{B6B52840-43D0-4A1B-A14E-8A19138E3E22}.Release|x86.Build.0 = Release|Any CPU
		{B6B52840-43D0-4A1B-A14E-8A19138E3E22}.Release|x86.Deploy.0 = Release|Any CPU
		{D1C6B8E1-DBF7-420E-BBF1-599D87430492}.Debug|Any CPU.ActiveCfg = Debug|iPhoneSimulator
		{D1C6B8E1-DBF7-420E-BBF1-599D87430492}.Debug|Any CPU.Build.0 = Debug|iPhoneSimulator
		{D1C6B8E1-DBF7-420E-BBF1-599D87430492}.Debug|ARM.ActiveCfg = Debug|iPhoneSimulator
		{D1C6B8E1-DBF7-420E-BBF1-599D87430492}.Debug|iPhone.ActiveCfg = Debug|iPhone
		{D1C6B8E1-DBF7-420E-BBF1-599D87430492}.Debug|iPhone.Build.0 = Debug|iPhone
		{D1C6B8E1-DBF7-420E-BBF1-599D87430492}.Debug|iPhoneSimulator.ActiveCfg = Debug|iPhoneSimulator
		{D1C6B8E1-DBF7-420E-BBF1-599D87430492}.Debug|iPhoneSimulator.Build.0 = Debug|iPhoneSimulator
		{D1C6B8E1-DBF7-420E-BBF1-599D87430492}.Debug|x64.ActiveCfg = Debug|iPhoneSimulator
		{D1C6B8E1-DBF7-420E-BBF1-599D87430492}.Debug|x86.ActiveCfg = Debug|iPhoneSimulator
		{D1C6B8E1-DBF7-420E-BBF1-599D87430492}.Release|Any CPU.ActiveCfg = Release|iPhoneSimulator
		{D1C6B8E1-DBF7-420E-BBF1-599D87430492}.Release|ARM.ActiveCfg = Release|iPhoneSimulator
		{D1C6B8E1-DBF7-420E-BBF1-599D87430492}.Release|iPhone.ActiveCfg = Release|iPhone
		{D1C6B8E1-DBF7-420E-BBF1-599D87430492}.Release|iPhone.Build.0 = Release|iPhone
		{D1C6B8E1-DBF7-420E-BBF1-599D87430492}.Release|iPhoneSimulator.ActiveCfg = Release|iPhoneSimulator
		{D1C6B8E1-DBF7-420E-BBF1-599D87430492}.Release|iPhoneSimulator.Build.0 = Release|iPhoneSimulator
		{D1C6B8E1-DBF7-420E-BBF1-599D87430492}.Release|x64.ActiveCfg = Release|iPhoneSimulator
		{D1C6B8E1-DBF7-420E-BBF1-599D87430492}.Release|x86.ActiveCfg = Release|iPhoneSimulator
		{9F846FEA-BC75-4D10-B760-93CD0AF87569}.Debug|Any CPU.ActiveCfg = Debug|Any CPU
		{9F846FEA-BC75-4D10-B760-93CD0AF87569}.Debug|Any CPU.Build.0 = Debug|Any CPU
		{9F846FEA-BC75-4D10-B760-93CD0AF87569}.Debug|ARM.ActiveCfg = Debug|Any CPU
		{9F846FEA-BC75-4D10-B760-93CD0AF87569}.Debug|ARM.Build.0 = Debug|Any CPU
		{9F846FEA-BC75-4D10-B760-93CD0AF87569}.Debug|iPhone.ActiveCfg = Debug|Any CPU
		{9F846FEA-BC75-4D10-B760-93CD0AF87569}.Debug|iPhone.Build.0 = Debug|Any CPU
		{9F846FEA-BC75-4D10-B760-93CD0AF87569}.Debug|iPhoneSimulator.ActiveCfg = Debug|Any CPU
		{9F846FEA-BC75-4D10-B760-93CD0AF87569}.Debug|iPhoneSimulator.Build.0 = Debug|Any CPU
		{9F846FEA-BC75-4D10-B760-93CD0AF87569}.Debug|x64.ActiveCfg = Debug|Any CPU
		{9F846FEA-BC75-4D10-B760-93CD0AF87569}.Debug|x64.Build.0 = Debug|Any CPU
		{9F846FEA-BC75-4D10-B760-93CD0AF87569}.Debug|x86.ActiveCfg = Debug|Any CPU
		{9F846FEA-BC75-4D10-B760-93CD0AF87569}.Debug|x86.Build.0 = Debug|Any CPU
		{9F846FEA-BC75-4D10-B760-93CD0AF87569}.Release|Any CPU.ActiveCfg = Release|Any CPU
		{9F846FEA-BC75-4D10-B760-93CD0AF87569}.Release|Any CPU.Build.0 = Release|Any CPU
		{9F846FEA-BC75-4D10-B760-93CD0AF87569}.Release|ARM.ActiveCfg = Release|Any CPU
		{9F846FEA-BC75-4D10-B760-93CD0AF87569}.Release|ARM.Build.0 = Release|Any CPU
		{9F846FEA-BC75-4D10-B760-93CD0AF87569}.Release|iPhone.ActiveCfg = Release|Any CPU
		{9F846FEA-BC75-4D10-B760-93CD0AF87569}.Release|iPhone.Build.0 = Release|Any CPU
		{9F846FEA-BC75-4D10-B760-93CD0AF87569}.Release|iPhoneSimulator.ActiveCfg = Release|Any CPU
		{9F846FEA-BC75-4D10-B760-93CD0AF87569}.Release|iPhoneSimulator.Build.0 = Release|Any CPU
		{9F846FEA-BC75-4D10-B760-93CD0AF87569}.Release|x64.ActiveCfg = Release|Any CPU
		{9F846FEA-BC75-4D10-B760-93CD0AF87569}.Release|x64.Build.0 = Release|Any CPU
		{9F846FEA-BC75-4D10-B760-93CD0AF87569}.Release|x86.ActiveCfg = Release|Any CPU
		{9F846FEA-BC75-4D10-B760-93CD0AF87569}.Release|x86.Build.0 = Release|Any CPU
	EndGlobalSection
	GlobalSection(SolutionProperties) = preSolution
		HideSolutionNode = FALSE
	EndGlobalSection
	GlobalSection(NestedProjects) = preSolution
		{51ECF26F-A367-4AED-B5D3-F253EAF87E77} = {E862835E-072F-4358-BF75-C834F2294319}
		{A15CCF22-F66B-4FB7-B023-706CA46F0871} = {E862835E-072F-4358-BF75-C834F2294319}
		{4EF931E1-AC63-4433-865E-035447F397BF} = {E862835E-072F-4358-BF75-C834F2294319}
		{10DDBD65-5FDF-4708-9F4A-AE76AF2CCB5E} = {E862835E-072F-4358-BF75-C834F2294319}
		{4A8790AA-C228-4E4A-B85C-B91A91B9CA33} = {E862835E-072F-4358-BF75-C834F2294319}
		{2286C879-311A-4564-92E8-7039A19FCCE7} = {0C03EEF1-F2A8-4ECE-B23E-73C845E1AB7C}
		{B469C1A1-5B05-40D2-B5B3-59B2B4A8A814} = {0C03EEF1-F2A8-4ECE-B23E-73C845E1AB7C}
		{8C23DEAB-E815-404F-9C34-3181B5FAF1A6} = {0C03EEF1-F2A8-4ECE-B23E-73C845E1AB7C}
		{7196C2D3-3E0A-4ACF-A3CD-9FC6ECC3DFF7} = {0C03EEF1-F2A8-4ECE-B23E-73C845E1AB7C}
		{1457900B-E1D1-4C31-91DA-4F767DE98E7C} = {EA0CD34E-76B9-4F2B-8776-E6366475D64F}
		{88E51AA8-6B1C-44A8-B54D-85FAE281238D} = {EA0CD34E-76B9-4F2B-8776-E6366475D64F}
		{DDE7259D-55D7-4F53-A507-B53653C0DE26} = {EA0CD34E-76B9-4F2B-8776-E6366475D64F}
		{6B99414B-32C7-4353-A5C6-C0ADA829FB26} = {77508F27-790F-4EFF-8003-C5ABC5E85C7E}
		{B6B52840-43D0-4A1B-A14E-8A19138E3E22} = {77508F27-790F-4EFF-8003-C5ABC5E85C7E}
		{D1C6B8E1-DBF7-420E-BBF1-599D87430492} = {77508F27-790F-4EFF-8003-C5ABC5E85C7E}
		{9F846FEA-BC75-4D10-B760-93CD0AF87569} = {77508F27-790F-4EFF-8003-C5ABC5E85C7E}
	EndGlobalSection
	GlobalSection(ExtensibilityGlobals) = postSolution
		SolutionGuid = {D5A10E64-C201-4234-A3F9-83CF4CA8626D}
	EndGlobalSection
EndGlobal
